// !$*UTF8*$!
{
	archiveVersion = 1;
	classes = {
	};
	objectVersion = 55;
	objects = {

/* Begin PBXBuildFile section */
		09815308BECDF93E088E4C69 /* Bundle+TuistAndModularArchitecture.swift in Sources */ = {isa = PBXBuildFile; fileRef = A10C80FA5ED3277298D1F4D3 /* Bundle+TuistAndModularArchitecture.swift */; };
		350A6AAEE968E58D5943267D /* Assets.xcassets in Resources */ = {isa = PBXBuildFile; fileRef = 10B4E5FA0DC8ABC2CA19EF04 /* Assets.xcassets */; };
		38B6CF0E5A1ADAF4A7210CF6 /* LaunchScreen.storyboard in Resources */ = {isa = PBXBuildFile; fileRef = 453BB493F549ECCE350D66EA /* LaunchScreen.storyboard */; };
		4D296FF4A322660CB833F5E5 /* Assets+TuistAndModularArchitecture.swift in Sources */ = {isa = PBXBuildFile; fileRef = 758E00FC60E83144754618C4 /* Assets+TuistAndModularArchitecture.swift */; };
		A1D2D7BBA273C8392496139B /* ViewController.swift in Sources */ = {isa = PBXBuildFile; fileRef = 98718CFC6C1D297D36F17E01 /* ViewController.swift */; };
		A87130A61FCF2605EDED8AC5 /* SceneDelegate.swift in Sources */ = {isa = PBXBuildFile; fileRef = 301C16508FFBFAFF95EDD838 /* SceneDelegate.swift */; };
		DEDF284E7B49E211FAD9D853 /* AppDelegate.swift in Sources */ = {isa = PBXBuildFile; fileRef = 90CAF93472D5651709A26617 /* AppDelegate.swift */; };
		E4EFDFC1B3A71288432531C0 /* Main.storyboard in Resources */ = {isa = PBXBuildFile; fileRef = 7619B5ED4133A576E6AE51F3 /* Main.storyboard */; };
		F30F6AFE21510D2FF0A8C1D4 /* SceneDelegate.swift in Resources */ = {isa = PBXBuildFile; fileRef = 301C16508FFBFAFF95EDD838 /* SceneDelegate.swift */; };
		F8D464C9368E92D9D243B888 /* AppDelegate.swift in Resources */ = {isa = PBXBuildFile; fileRef = 90CAF93472D5651709A26617 /* AppDelegate.swift */; };
		FD2436B0AC3EEB32F98770EB /* ViewController.swift in Resources */ = {isa = PBXBuildFile; fileRef = 98718CFC6C1D297D36F17E01 /* ViewController.swift */; };
		FE08506014683F76B9221FBB /* Plists+TuistAndModularArchitecture.swift in Sources */ = {isa = PBXBuildFile; fileRef = 75FC511F5984FEE8EF3167BC /* Plists+TuistAndModularArchitecture.swift */; };
/* End PBXBuildFile section */

/* Begin PBXCopyFilesBuildPhase section */
		E5B793E4A0F7F9CE48BD2486 /* Embed Frameworks */ = {
			isa = PBXCopyFilesBuildPhase;
			buildActionMask = 2147483647;
			dstPath = "";
			dstSubfolderSpec = 10;
			files = (
			);
			name = "Embed Frameworks";
			runOnlyForDeploymentPostprocessing = 0;
		};
/* End PBXCopyFilesBuildPhase section */

/* Begin PBXFileReference section */
		07D7D753D57962EED96DE186 /* Base */ = {isa = PBXFileReference; lastKnownFileType = file.storyboard; name = Base; path = Base.lproj/Main.storyboard; sourceTree = "<group>"; };
		10B4E5FA0DC8ABC2CA19EF04 /* Assets.xcassets */ = {isa = PBXFileReference; lastKnownFileType = folder.assetcatalog; path = Assets.xcassets; sourceTree = "<group>"; };
		301C16508FFBFAFF95EDD838 /* SceneDelegate.swift */ = {isa = PBXFileReference; lastKnownFileType = sourcecode.swift; path = SceneDelegate.swift; sourceTree = "<group>"; };
		41E53884360062FF84C439F4 /* Info.plist */ = {isa = PBXFileReference; lastKnownFileType = text.plist; path = Info.plist; sourceTree = "<group>"; };
		758E00FC60E83144754618C4 /* Assets+TuistAndModularArchitecture.swift */ = {isa = PBXFileReference; lastKnownFileType = sourcecode.swift; path = "Assets+TuistAndModularArchitecture.swift"; sourceTree = "<group>"; };
		75FC511F5984FEE8EF3167BC /* Plists+TuistAndModularArchitecture.swift */ = {isa = PBXFileReference; lastKnownFileType = sourcecode.swift; path = "Plists+TuistAndModularArchitecture.swift"; sourceTree = "<group>"; };
		796DFB8E3C49D2175F54A035 /* Base */ = {isa = PBXFileReference; lastKnownFileType = file.storyboard; name = Base; path = Base.lproj/LaunchScreen.storyboard; sourceTree = "<group>"; };
		90CAF93472D5651709A26617 /* AppDelegate.swift */ = {isa = PBXFileReference; lastKnownFileType = sourcecode.swift; path = AppDelegate.swift; sourceTree = "<group>"; };
		98718CFC6C1D297D36F17E01 /* ViewController.swift */ = {isa = PBXFileReference; lastKnownFileType = sourcecode.swift; path = ViewController.swift; sourceTree = "<group>"; };
		A10C80FA5ED3277298D1F4D3 /* Bundle+TuistAndModularArchitecture.swift */ = {isa = PBXFileReference; lastKnownFileType = sourcecode.swift; path = "Bundle+TuistAndModularArchitecture.swift"; sourceTree = "<group>"; };
		CCEFE54CDBE08447ACE6B241 /* TuistAndModularArchitecture.app */ = {isa = PBXFileReference; explicitFileType = wrapper.application; includeInIndex = 0; path = TuistAndModularArchitecture.app; sourceTree = BUILT_PRODUCTS_DIR; };
/* End PBXFileReference section */

/* Begin PBXFrameworksBuildPhase section */
		D350B099FEA1BD5E17256486 /* Frameworks */ = {
			isa = PBXFrameworksBuildPhase;
			buildActionMask = 2147483647;
			files = (
			);
			runOnlyForDeploymentPostprocessing = 0;
		};
/* End PBXFrameworksBuildPhase section */

/* Begin PBXGroup section */
		2AB26A6E9D28CF8CC84C522F /* Sources */ = {
			isa = PBXGroup;
			children = (
				758E00FC60E83144754618C4 /* Assets+TuistAndModularArchitecture.swift */,
				A10C80FA5ED3277298D1F4D3 /* Bundle+TuistAndModularArchitecture.swift */,
				75FC511F5984FEE8EF3167BC /* Plists+TuistAndModularArchitecture.swift */,
			);
			path = Sources;
			sourceTree = "<group>";
		};
		48C31D683327A8A59513777B /* Application */ = {
			isa = PBXGroup;
			children = (
				8B1B5C31F7FAF36CD6860030 /* Resources */,
				DAAA2F8D0D71EB5979610BAF /* Source */,
			);
			path = Application;
			sourceTree = "<group>";
		};
		74995A1567F315E5BB2775A4 /* Project */ = {
			isa = PBXGroup;
			children = (
				A470EB700E35F86E0D581270 /* Derived */,
				C35AAB991E6C0535CEDF741B /* TuistAndModularArchitecture */,
			);
			name = Project;
			sourceTree = "<group>";
		};
		8B1B5C31F7FAF36CD6860030 /* Resources */ = {
			isa = PBXGroup;
			children = (
				453BB493F549ECCE350D66EA /* LaunchScreen.storyboard */,
				7619B5ED4133A576E6AE51F3 /* Main.storyboard */,
				10B4E5FA0DC8ABC2CA19EF04 /* Assets.xcassets */,
			);
			path = Resources;
			sourceTree = "<group>";
		};
		8D61D4C0575313B678CD1178 /* Application */ = {
			isa = PBXGroup;
			children = (
				90CAF93472D5651709A26617 /* AppDelegate.swift */,
				301C16508FFBFAFF95EDD838 /* SceneDelegate.swift */,
			);
			path = Application;
			sourceTree = "<group>";
		};
		9BE9373E57EFEC4BDF1EB9AB /* Products */ = {
			isa = PBXGroup;
			children = (
				CCEFE54CDBE08447ACE6B241 /* TuistAndModularArchitecture.app */,
			);
			name = Products;
			sourceTree = "<group>";
		};
		A470EB700E35F86E0D581270 /* Derived */ = {
			isa = PBXGroup;
			children = (
				2AB26A6E9D28CF8CC84C522F /* Sources */,
			);
			path = Derived;
			sourceTree = "<group>";
		};
		C35AAB991E6C0535CEDF741B /* TuistAndModularArchitecture */ = {
			isa = PBXGroup;
			children = (
				48C31D683327A8A59513777B /* Application */,
				41E53884360062FF84C439F4 /* Info.plist */,
			);
			path = TuistAndModularArchitecture;
			sourceTree = "<group>";
		};
		DAAA2F8D0D71EB5979610BAF /* Source */ = {
			isa = PBXGroup;
			children = (
				8D61D4C0575313B678CD1178 /* Application */,
				98718CFC6C1D297D36F17E01 /* ViewController.swift */,
			);
			path = Source;
			sourceTree = "<group>";
		};
		F58FC2413D1D755416283F40 = {
			isa = PBXGroup;
			children = (
				74995A1567F315E5BB2775A4 /* Project */,
				F8B424878DD8957E48285DD3 /* Frameworks */,
				9BE9373E57EFEC4BDF1EB9AB /* Products */,
			);
			sourceTree = "<group>";
		};
		F8B424878DD8957E48285DD3 /* Frameworks */ = {
			isa = PBXGroup;
			children = (
			);
			name = Frameworks;
			sourceTree = "<group>";
		};
/* End PBXGroup section */

/* Begin PBXNativeTarget section */
		C3E21DADB9F2494B8C6147F2 /* TuistAndModularArchitecture */ = {
			isa = PBXNativeTarget;
			buildConfigurationList = 05D4FEEE60AD5D5CD8927AE1 /* Build configuration list for PBXNativeTarget "TuistAndModularArchitecture" */;
			buildPhases = (
				BBAA46FE64A5A1FB821DCEF9 /* Sources */,
				2162CA8012E67F033F4D8B8F /* Resources */,
				E5B793E4A0F7F9CE48BD2486 /* Embed Frameworks */,
				D350B099FEA1BD5E17256486 /* Frameworks */,
			);
			buildRules = (
			);
			dependencies = (
			);
			name = TuistAndModularArchitecture;
			productName = TuistAndModularArchitecture;
			productReference = CCEFE54CDBE08447ACE6B241 /* TuistAndModularArchitecture.app */;
			productType = "com.apple.product-type.application";
		};
/* End PBXNativeTarget section */

/* Begin PBXProject section */
		C097189464D4BE86921ADAE1 /* Project object */ = {
			isa = PBXProject;
			attributes = {
				LastUpgradeCheck = 1300;
			};
			buildConfigurationList = 39A4704CAFED20214C80CFF1 /* Build configuration list for PBXProject "TuistAndModularArchitecture" */;
			compatibilityVersion = "Xcode 13.0";
			developmentRegion = en;
			hasScannedForEncodings = 0;
			knownRegions = (
				Base,
				en,
			);
			mainGroup = F58FC2413D1D755416283F40;
			productRefGroup = 9BE9373E57EFEC4BDF1EB9AB /* Products */;
			projectDirPath = "";
			projectRoot = "";
			targets = (
				C3E21DADB9F2494B8C6147F2 /* TuistAndModularArchitecture */,
			);
		};
/* End PBXProject section */

/* Begin PBXResourcesBuildPhase section */
		2162CA8012E67F033F4D8B8F /* Resources */ = {
			isa = PBXResourcesBuildPhase;
			buildActionMask = 2147483647;
			files = (
				350A6AAEE968E58D5943267D /* Assets.xcassets in Resources */,
				38B6CF0E5A1ADAF4A7210CF6 /* LaunchScreen.storyboard in Resources */,
				E4EFDFC1B3A71288432531C0 /* Main.storyboard in Resources */,
				F8D464C9368E92D9D243B888 /* AppDelegate.swift in Resources */,
				F30F6AFE21510D2FF0A8C1D4 /* SceneDelegate.swift in Resources */,
				FD2436B0AC3EEB32F98770EB /* ViewController.swift in Resources */,
			);
			runOnlyForDeploymentPostprocessing = 0;
		};
/* End PBXResourcesBuildPhase section */

/* Begin PBXSourcesBuildPhase section */
		BBAA46FE64A5A1FB821DCEF9 /* Sources */ = {
			isa = PBXSourcesBuildPhase;
			buildActionMask = 2147483647;
			files = (
				4D296FF4A322660CB833F5E5 /* Assets+TuistAndModularArchitecture.swift in Sources */,
				09815308BECDF93E088E4C69 /* Bundle+TuistAndModularArchitecture.swift in Sources */,
				FE08506014683F76B9221FBB /* Plists+TuistAndModularArchitecture.swift in Sources */,
				DEDF284E7B49E211FAD9D853 /* AppDelegate.swift in Sources */,
				A87130A61FCF2605EDED8AC5 /* SceneDelegate.swift in Sources */,
				A1D2D7BBA273C8392496139B /* ViewController.swift in Sources */,
			);
			runOnlyForDeploymentPostprocessing = 0;
		};
/* End PBXSourcesBuildPhase section */

/* Begin PBXVariantGroup section */
		453BB493F549ECCE350D66EA /* LaunchScreen.storyboard */ = {
			isa = PBXVariantGroup;
			children = (
				796DFB8E3C49D2175F54A035 /* Base */,
			);
			name = LaunchScreen.storyboard;
			sourceTree = "<group>";
		};
		7619B5ED4133A576E6AE51F3 /* Main.storyboard */ = {
			isa = PBXVariantGroup;
			children = (
				07D7D753D57962EED96DE186 /* Base */,
			);
			name = Main.storyboard;
			sourceTree = "<group>";
		};
/* End PBXVariantGroup section */

/* Begin XCBuildConfiguration section */
		1834A2CBD14BE8AB0D79C541 /* Release */ = {
			isa = XCBuildConfiguration;
			buildSettings = {
				ALWAYS_SEARCH_USER_PATHS = NO;
				CLANG_ANALYZER_LOCALIZABILITY_NONLOCALIZED = YES;
				CLANG_ANALYZER_NONNULL = YES;
				CLANG_ANALYZER_NUMBER_OBJECT_CONVERSION = YES_AGGRESSIVE;
				CLANG_CXX_LANGUAGE_STANDARD = "gnu++14";
				CLANG_CXX_LIBRARY = "libc++";
				CLANG_ENABLE_MODULES = YES;
				CLANG_ENABLE_OBJC_ARC = YES;
				CLANG_ENABLE_OBJC_WEAK = YES;
				CLANG_WARN_BLOCK_CAPTURE_AUTORELEASING = YES;
				CLANG_WARN_BOOL_CONVERSION = YES;
				CLANG_WARN_COMMA = YES;
				CLANG_WARN_CONSTANT_CONVERSION = YES;
				CLANG_WARN_DEPRECATED_OBJC_IMPLEMENTATIONS = YES;
				CLANG_WARN_DIRECT_OBJC_ISA_USAGE = YES_ERROR;
				CLANG_WARN_DOCUMENTATION_COMMENTS = YES;
				CLANG_WARN_EMPTY_BODY = YES;
				CLANG_WARN_ENUM_CONVERSION = YES;
				CLANG_WARN_INFINITE_RECURSION = YES;
				CLANG_WARN_INT_CONVERSION = YES;
				CLANG_WARN_NON_LITERAL_NULL_CONVERSION = YES;
				CLANG_WARN_OBJC_IMPLICIT_RETAIN_SELF = YES;
				CLANG_WARN_OBJC_LITERAL_CONVERSION = YES;
				CLANG_WARN_OBJC_ROOT_CLASS = YES_ERROR;
				CLANG_WARN_QUOTED_INCLUDE_IN_FRAMEWORK_HEADER = YES;
				CLANG_WARN_RANGE_LOOP_ANALYSIS = YES;
				CLANG_WARN_STRICT_PROTOTYPES = YES;
				CLANG_WARN_SUSPICIOUS_MOVE = YES;
				CLANG_WARN_UNGUARDED_AVAILABILITY = YES_AGGRESSIVE;
				CLANG_WARN_UNREACHABLE_CODE = YES;
				CLANG_WARN__DUPLICATE_METHOD_MATCH = YES;
				COPY_PHASE_STRIP = NO;
				DEBUG_INFORMATION_FORMAT = "dwarf-with-dsym";
				ENABLE_NS_ASSERTIONS = NO;
				ENABLE_STRICT_OBJC_MSGSEND = YES;
				GCC_C_LANGUAGE_STANDARD = gnu11;
				GCC_NO_COMMON_BLOCKS = YES;
				GCC_WARN_64_TO_32_BIT_CONVERSION = YES;
				GCC_WARN_ABOUT_RETURN_TYPE = YES_ERROR;
				GCC_WARN_UNDECLARED_SELECTOR = YES;
				GCC_WARN_UNINITIALIZED_AUTOS = YES_AGGRESSIVE;
				GCC_WARN_UNUSED_FUNCTION = YES;
				GCC_WARN_UNUSED_VARIABLE = YES;
				MTL_ENABLE_DEBUG_INFO = NO;
				PRODUCT_NAME = "$(TARGET_NAME)";
				VALIDATE_PRODUCT = YES;
			};
			name = Release;
		};
		2FEC95F9E2C062213CB8157E /* Release */ = {
			isa = XCBuildConfiguration;
			buildSettings = {
				ASSETCATALOG_COMPILER_APPICON_NAME = AppIcon;
				CODE_SIGN_IDENTITY = "iPhone Developer";
				ENABLE_PREVIEWS = YES;
				INFOPLIST_FILE = TuistAndModularArchitecture/Info.plist;
				IPHONEOS_DEPLOYMENT_TARGET = 13.0;
				LD_RUNPATH_SEARCH_PATHS = (
					"$(inherited)",
					"@executable_path/Frameworks",
				);
				PRODUCT_BUNDLE_IDENTIFIER = com.yarmolchuk.application;
				PRODUCT_NAME = TuistAndModularArchitecture;
				SDKROOT = iphoneos;
				SWIFT_COMPILATION_MODE = wholemodule;
				SWIFT_OPTIMIZATION_LEVEL = "-Owholemodule";
				SWIFT_VERSION = 5.5;
				TARGETED_DEVICE_FAMILY = 1;
			};
			name = Release;
		};
		94888926076373AE87DEBBB0 /* Debug */ = {
			isa = XCBuildConfiguration;
			buildSettings = {
				ASSETCATALOG_COMPILER_APPICON_NAME = AppIcon;
				CODE_SIGN_IDENTITY = "iPhone Developer";
				ENABLE_PREVIEWS = YES;
				INFOPLIST_FILE = TuistAndModularArchitecture/Info.plist;
				IPHONEOS_DEPLOYMENT_TARGET = 13.0;
				LD_RUNPATH_SEARCH_PATHS = (
					"$(inherited)",
					"@executable_path/Frameworks",
				);
				PRODUCT_BUNDLE_IDENTIFIER = com.yarmolchuk.application;
				PRODUCT_NAME = TuistAndModularArchitecture;
				SDKROOT = iphoneos;
				SWIFT_ACTIVE_COMPILATION_CONDITIONS = DEBUG;
				SWIFT_COMPILATION_MODE = singlefile;
				SWIFT_OPTIMIZATION_LEVEL = "-Onone";
				SWIFT_VERSION = 5.5;
				TARGETED_DEVICE_FAMILY = 1;
			};
			name = Debug;
		};
		D09A8B3C611A9A529F5C5DD2 /* Debug */ = {
			isa = XCBuildConfiguration;
			buildSettings = {
				ALWAYS_SEARCH_USER_PATHS = NO;
				CLANG_ANALYZER_LOCALIZABILITY_NONLOCALIZED = YES;
				CLANG_ANALYZER_NONNULL = YES;
				CLANG_ANALYZER_NUMBER_OBJECT_CONVERSION = YES_AGGRESSIVE;
				CLANG_CXX_LANGUAGE_STANDARD = "gnu++14";
				CLANG_CXX_LIBRARY = "libc++";
				CLANG_ENABLE_MODULES = YES;
				CLANG_ENABLE_OBJC_ARC = YES;
				CLANG_ENABLE_OBJC_WEAK = YES;
				CLANG_WARN_BLOCK_CAPTURE_AUTORELEASING = YES;
				CLANG_WARN_BOOL_CONVERSION = YES;
				CLANG_WARN_COMMA = YES;
				CLANG_WARN_CONSTANT_CONVERSION = YES;
				CLANG_WARN_DEPRECATED_OBJC_IMPLEMENTATIONS = YES;
				CLANG_WARN_DIRECT_OBJC_ISA_USAGE = YES_ERROR;
				CLANG_WARN_DOCUMENTATION_COMMENTS = YES;
				CLANG_WARN_EMPTY_BODY = YES;
				CLANG_WARN_ENUM_CONVERSION = YES;
				CLANG_WARN_INFINITE_RECURSION = YES;
				CLANG_WARN_INT_CONVERSION = YES;
				CLANG_WARN_NON_LITERAL_NULL_CONVERSION = YES;
				CLANG_WARN_OBJC_IMPLICIT_RETAIN_SELF = YES;
				CLANG_WARN_OBJC_LITERAL_CONVERSION = YES;
				CLANG_WARN_OBJC_ROOT_CLASS = YES_ERROR;
				CLANG_WARN_QUOTED_INCLUDE_IN_FRAMEWORK_HEADER = YES;
				CLANG_WARN_RANGE_LOOP_ANALYSIS = YES;
				CLANG_WARN_STRICT_PROTOTYPES = YES;
				CLANG_WARN_SUSPICIOUS_MOVE = YES;
				CLANG_WARN_UNGUARDED_AVAILABILITY = YES_AGGRESSIVE;
				CLANG_WARN_UNREACHABLE_CODE = YES;
				CLANG_WARN__DUPLICATE_METHOD_MATCH = YES;
				COPY_PHASE_STRIP = NO;
				DEBUG_INFORMATION_FORMAT = dwarf;
				ENABLE_STRICT_OBJC_MSGSEND = YES;
				ENABLE_TESTABILITY = YES;
				GCC_C_LANGUAGE_STANDARD = gnu11;
				GCC_DYNAMIC_NO_PIC = NO;
				GCC_NO_COMMON_BLOCKS = YES;
				GCC_OPTIMIZATION_LEVEL = 0;
				GCC_PREPROCESSOR_DEFINITIONS = (
					"DEBUG=1",
					"$(inherited)",
				);
				GCC_WARN_64_TO_32_BIT_CONVERSION = YES;
				GCC_WARN_ABOUT_RETURN_TYPE = YES_ERROR;
				GCC_WARN_UNDECLARED_SELECTOR = YES;
				GCC_WARN_UNINITIALIZED_AUTOS = YES_AGGRESSIVE;
				GCC_WARN_UNUSED_FUNCTION = YES;
				GCC_WARN_UNUSED_VARIABLE = YES;
				MTL_ENABLE_DEBUG_INFO = YES;
				ONLY_ACTIVE_ARCH = YES;
				PRODUCT_NAME = "$(TARGET_NAME)";
			};
			name = Debug;
		};
/* End XCBuildConfiguration section */

/* Begin XCConfigurationList section */
		05D4FEEE60AD5D5CD8927AE1 /* Build configuration list for PBXNativeTarget "TuistAndModularArchitecture" */ = {
			isa = XCConfigurationList;
			buildConfigurations = (
				94888926076373AE87DEBBB0 /* Debug */,
				2FEC95F9E2C062213CB8157E /* Release */,
			);
			defaultConfigurationIsVisible = 0;
			defaultConfigurationName = Release;
		};
		39A4704CAFED20214C80CFF1 /* Build configuration list for PBXProject "TuistAndModularArchitecture" */ = {
			isa = XCConfigurationList;
			buildConfigurations = (
				D09A8B3C611A9A529F5C5DD2 /* Debug */,
				1834A2CBD14BE8AB0D79C541 /* Release */,
			);
			defaultConfigurationIsVisible = 0;
			defaultConfigurationName = Release;
		};
/* End XCConfigurationList section */
	};
	rootObject = C097189464D4BE86921ADAE1 /* Project object */;
}
